// !$*UTF8*$!
{
	archiveVersion = 1;
	classes = {
	};
	objectVersion = 46;
	objects = {

/* Begin PBXBuildFile section */
		8556C5021BC6222B009520B9 /* main.m in Sources */ = {isa = PBXBuildFile; fileRef = 8556C5011BC6222B009520B9 /* main.m */; };
		8556C5051BC6222B009520B9 /* AppDelegate.m in Sources */ = {isa = PBXBuildFile; fileRef = 8556C5041BC6222B009520B9 /* AppDelegate.m */; };
		8556C5081BC6222B009520B9 /* ViewController.m in Sources */ = {isa = PBXBuildFile; fileRef = 8556C5071BC6222B009520B9 /* ViewController.m */; };
		8556C50B1BC6222B009520B9 /* Main.storyboard in Resources */ = {isa = PBXBuildFile; fileRef = 8556C5091BC6222B009520B9 /* Main.storyboard */; };
		8556C50D1BC6222B009520B9 /* Images.xcassets in Resources */ = {isa = PBXBuildFile; fileRef = 8556C50C1BC6222B009520B9 /* Images.xcassets */; };
		8556C5101BC6222B009520B9 /* LaunchScreen.xib in Resources */ = {isa = PBXBuildFile; fileRef = 8556C50E1BC6222B009520B9 /* LaunchScreen.xib */; };
		8556C51C1BC6222B009520B9 /* Demo02_GitServerTests.m in Sources */ = {isa = PBXBuildFile; fileRef = 8556C51B1BC6222B009520B9 /* Demo02_GitServerTests.m */; };
/* End PBXBuildFile section */

/* Begin PBXContainerItemProxy section */
		8556C5161BC6222B009520B9 /* PBXContainerItemProxy */ = {
			isa = PBXContainerItemProxy;
			containerPortal = 8556C4F41BC6222B009520B9 /* Project object */;
			proxyType = 1;
			remoteGlobalIDString = 8556C4FB1BC6222B009520B9;
			remoteInfo = "Demo02-GitServer";
		};
/* End PBXContainerItemProxy section */

/* Begin PBXFileReference section */
		8556C4FC1BC6222B009520B9 /* Demo02-GitServer.app */ = {isa = PBXFileReference; explicitFileType = wrapper.application; includeInIndex = 0; path = "Demo02-GitServer.app"; sourceTree = BUILT_PRODUCTS_DIR; };
		8556C5001BC6222B009520B9 /* Info.plist */ = {isa = PBXFileReference; lastKnownFileType = text.plist.xml; path = Info.plist; sourceTree = "<group>"; };
		8556C5011BC6222B009520B9 /* main.m */ = {isa = PBXFileReference; lastKnownFileType = sourcecode.c.objc; path = main.m; sourceTree = "<group>"; };
		8556C5031BC6222B009520B9 /* AppDelegate.h */ = {isa = PBXFileReference; lastKnownFileType = sourcecode.c.h; path = AppDelegate.h; sourceTree = "<group>"; };
		8556C5041BC6222B009520B9 /* AppDelegate.m */ = {isa = PBXFileReference; lastKnownFileType = sourcecode.c.objc; path = AppDelegate.m; sourceTree = "<group>"; };
		8556C5061BC6222B009520B9 /* ViewController.h */ = {isa = PBXFileReference; lastKnownFileType = sourcecode.c.h; path = ViewController.h; sourceTree = "<group>"; };
		8556C5071BC6222B009520B9 /* ViewController.m */ = {isa = PBXFileReference; lastKnownFileType = sourcecode.c.objc; path = ViewController.m; sourceTree = "<group>"; };
		8556C50A1BC6222B009520B9 /* Base */ = {isa = PBXFileReference; lastKnownFileType = file.storyboard; name = Base; path = Base.lproj/Main.storyboard; sourceTree = "<group>"; };
		8556C50C1BC6222B009520B9 /* Images.xcassets */ = {isa = PBXFileReference; lastKnownFileType = folder.assetcatalog; path = Images.xcassets; sourceTree = "<group>"; };
		8556C50F1BC6222B009520B9 /* Base */ = {isa = PBXFileReference; lastKnownFileType = file.xib; name = Base; path = Base.lproj/LaunchScreen.xib; sourceTree = "<group>"; };
		8556C5151BC6222B009520B9 /* Demo02-GitServerTests.xctest */ = {isa = PBXFileReference; explicitFileType = wrapper.cfbundle; includeInIndex = 0; path = "Demo02-GitServerTests.xctest"; sourceTree = BUILT_PRODUCTS_DIR; };
		8556C51A1BC6222B009520B9 /* Info.plist */ = {isa = PBXFileReference; lastKnownFileType = text.plist.xml; path = Info.plist; sourceTree = "<group>"; };
		8556C51B1BC6222B009520B9 /* Demo02_GitServerTests.m */ = {isa = PBXFileReference; lastKnownFileType = sourcecode.c.objc; path = Demo02_GitServerTests.m; sourceTree = "<group>"; };
/* End PBXFileReference section */

/* Begin PBXFrameworksBuildPhase section */
		8556C4F91BC6222B009520B9 /* Frameworks */ = {
			isa = PBXFrameworksBuildPhase;
			buildActionMask = 2147483647;
			files = (
			);
			runOnlyForDeploymentPostprocessing = 0;
		};
		8556C5121BC6222B009520B9 /* Frameworks */ = {
			isa = PBXFrameworksBuildPhase;
			buildActionMask = 2147483647;
			files = (
			);
			runOnlyForDeploymentPostprocessing = 0;
		};
/* End PBXFrameworksBuildPhase section */

/* Begin PBXGroup section */
		8556C4F31BC6222B009520B9 = {
			isa = PBXGroup;
			children = (
				8556C4FE1BC6222B009520B9 /* Demo02-GitServer */,
				8556C5181BC6222B009520B9 /* Demo02-GitServerTests */,
				8556C4FD1BC6222B009520B9 /* Products */,
			);
			sourceTree = "<group>";
		};
		8556C4FD1BC6222B009520B9 /* Products */ = {
			isa = PBXGroup;
			children = (
				8556C4FC1BC6222B009520B9 /* Demo02-GitServer.app */,
				8556C5151BC6222B009520B9 /* Demo02-GitServerTests.xctest */,
			);
			name = Products;
			sourceTree = "<group>";
		};
		8556C4FE1BC6222B009520B9 /* Demo02-GitServer */ = {
			isa = PBXGroup;
			children = (
				8556C5031BC6222B009520B9 /* AppDelegate.h */,
				8556C5041BC6222B009520B9 /* AppDelegate.m */,
				8556C5061BC6222B009520B9 /* ViewController.h */,
				8556C5071BC6222B009520B9 /* ViewController.m */,
				8556C5091BC6222B009520B9 /* Main.storyboard */,
				8556C50C1BC6222B009520B9 /* Images.xcassets */,
				8556C50E1BC6222B009520B9 /* LaunchScreen.xib */,
				8556C4FF1BC6222B009520B9 /* Supporting Files */,
			);
			path = "Demo02-GitServer";
			sourceTree = "<group>";
		};
		8556C4FF1BC6222B009520B9 /* Supporting Files */ = {
			isa = PBXGroup;
			children = (
				8556C5001BC6222B009520B9 /* Info.plist */,
				8556C5011BC6222B009520B9 /* main.m */,
			);
			name = "Supporting Files";
			sourceTree = "<group>";
		};
		8556C5181BC6222B009520B9 /* Demo02-GitServerTests */ = {
			isa = PBXGroup;
			children = (
				8556C51B1BC6222B009520B9 /* Demo02_GitServerTests.m */,
				8556C5191BC6222B009520B9 /* Supporting Files */,
			);
			path = "Demo02-GitServerTests";
			sourceTree = "<group>";
		};
		8556C5191BC6222B009520B9 /* Supporting Files */ = {
			isa = PBXGroup;
			children = (
				8556C51A1BC6222B009520B9 /* Info.plist */,
			);
			name = "Supporting Files";
			sourceTree = "<group>";
		};
/* End PBXGroup section */

/* Begin PBXNativeTarget section */
		8556C4FB1BC6222B009520B9 /* Demo02-GitServer */ = {
			isa = PBXNativeTarget;
			buildConfigurationList = 8556C51F1BC6222B009520B9 /* Build configuration list for PBXNativeTarget "Demo02-GitServer" */;
			buildPhases = (
				8556C4F81BC6222B009520B9 /* Sources */,
				8556C4F91BC6222B009520B9 /* Frameworks */,
				8556C4FA1BC6222B009520B9 /* Resources */,
			);
			buildRules = (
			);
			dependencies = (
			);
			name = "Demo02-GitServer";
			productName = "Demo02-GitServer";
			productReference = 8556C4FC1BC6222B009520B9 /* Demo02-GitServer.app */;
			productType = "com.apple.product-type.application";
		};
		8556C5141BC6222B009520B9 /* Demo02-GitServerTests */ = {
			isa = PBXNativeTarget;
			buildConfigurationList = 8556C5221BC6222B009520B9 /* Build configuration list for PBXNativeTarget "Demo02-GitServerTests" */;
			buildPhases = (
				8556C5111BC6222B009520B9 /* Sources */,
				8556C5121BC6222B009520B9 /* Frameworks */,
				8556C5131BC6222B009520B9 /* Resources */,
			);
			buildRules = (
			);
			dependencies = (
				8556C5171BC6222B009520B9 /* PBXTargetDependency */,
			);
			name = "Demo02-GitServerTests";
			productName = "Demo02-GitServerTests";
			productReference = 8556C5151BC6222B009520B9 /* Demo02-GitServerTests.xctest */;
			productType = "com.apple.product-type.bundle.unit-test";
		};
/* End PBXNativeTarget section */

/* Begin PBXProject section */
		8556C4F41BC6222B009520B9 /* Project object */ = {
			isa = PBXProject;
			attributes = {
				LastUpgradeCheck = 0630;
				ORGANIZATIONNAME = tarena;
				TargetAttributes = {
					8556C4FB1BC6222B009520B9 = {
						CreatedOnToolsVersion = 6.3;
					};
					8556C5141BC6222B009520B9 = {
						CreatedOnToolsVersion = 6.3;
						TestTargetID = 8556C4FB1BC6222B009520B9;
					};
				};
			};
			buildConfigurationList = 8556C4F71BC6222B009520B9 /* Build configuration list for PBXProject "Demo02-GitServer" */;
			compatibilityVersion = "Xcode 3.2";
			developmentRegion = English;
			hasScannedForEncodings = 0;
			knownRegions = (
				en,
				Base,
			);
			mainGroup = 8556C4F31BC6222B009520B9;
			productRefGroup = 8556C4FD1BC6222B009520B9 /* Products */;
			projectDirPath = "";
			projectRoot = "";
			targets = (
				8556C4FB1BC6222B009520B9 /* Demo02-GitServer */,
				8556C5141BC6222B009520B9 /* Demo02-GitServerTests */,
			);
		};
/* End PBXProject section */

/* Begin PBXResourcesBuildPhase section */
		8556C4FA1BC6222B009520B9 /* Resources */ = {
			isa = PBXResourcesBuildPhase;
			buildActionMask = 2147483647;
			files = (
				8556C50B1BC6222B009520B9 /* Main.storyboard in Resources */,
				8556C5101BC6222B009520B9 /* LaunchScreen.xib in Resources */,
				8556C50D1BC6222B009520B9 /* Images.xcassets in Resources */,
			);
			runOnlyForDeploymentPostprocessing = 0;
		};
		8556C5131BC6222B009520B9 /* Resources */ = {
			isa = PBXResourcesBuildPhase;
			buildActionMask = 2147483647;
			files = (
			);
			runOnlyForDeploymentPostprocessing = 0;
		};
/* End PBXResourcesBuildPhase section */

/* Begin PBXSourcesBuildPhase section */
		8556C4F81BC6222B009520B9 /* Sources */ = {
			isa = PBXSourcesBuildPhase;
			buildActionMask = 2147483647;
			files = (
				8556C5081BC6222B009520B9 /* ViewController.m in Sources */,
				8556C5051BC6222B009520B9 /* AppDelegate.m in Sources */,
				8556C5021BC6222B009520B9 /* main.m in Sources */,
			);
			runOnlyForDeploymentPostprocessing = 0;
		};
		8556C5111BC6222B009520B9 /* Sources */ = {
			isa = PBXSourcesBuildPhase;
			buildActionMask = 2147483647;
			files = (
				8556C51C1BC6222B009520B9 /* Demo02_GitServerTests.m in Sources */,
			);
			runOnlyForDeploymentPostprocessing = 0;
		};
/* End PBXSourcesBuildPhase section */

/* Begin PBXTargetDependency section */
		8556C5171BC6222B009520B9 /* PBXTargetDependency */ = {
			isa = PBXTargetDependency;
			target = 8556C4FB1BC6222B009520B9 /* Demo02-GitServer */;
			targetProxy = 8556C5161BC6222B009520B9 /* PBXContainerItemProxy */;
		};
/* End PBXTargetDependency section */

/* Begin PBXVariantGroup section */
		8556C5091BC6222B009520B9 /* Main.storyboard */ = {
			isa = PBXVariantGroup;
			children = (
				8556C50A1BC6222B009520B9 /* Base */,
			);
			name = Main.storyboard;
			sourceTree = "<group>";
		};
		8556C50E1BC6222B009520B9 /* LaunchScreen.xib */ = {
			isa = PBXVariantGroup;
			children = (
				8556C50F1BC6222B009520B9 /* Base */,
			);
			name = LaunchScreen.xib;
			sourceTree = "<group>";
		};
/* End PBXVariantGroup section */

/* Begin XCBuildConfiguration section */
		8556C51D1BC6222B009520B9 /* Debug */ = {
			isa = XCBuildConfiguration;
			buildSettings = {
				ALWAYS_SEARCH_USER_PATHS = NO;
				CLANG_CXX_LANGUAGE_STANDARD = "gnu++0x";
				CLANG_CXX_LIBRARY = "libc++";
				CLANG_ENABLE_MODULES = YES;
				CLANG_ENABLE_OBJC_ARC = YES;
				CLANG_WARN_BOOL_CONVERSION = YES;
				CLANG_WARN_CONSTANT_CONVERSION = YES;
				CLANG_WARN_DIRECT_OBJC_ISA_USAGE = YES_ERROR;
				CLANG_WARN_EMPTY_BODY = YES;
				CLANG_WARN_ENUM_CONVERSION = YES;
				CLANG_WARN_INT_CONVERSION = YES;
				CLANG_WARN_OBJC_ROOT_CLASS = YES_ERROR;
				CLANG_WARN_UNREACHABLE_CODE = YES;
				CLANG_WARN__DUPLICATE_METHOD_MATCH = YES;
				"CODE_SIGN_IDENTITY[sdk=iphoneos*]" = "iPhone Developer";
				COPY_PHASE_STRIP = NO;
				DEBUG_INFORMATION_FORMAT = "dwarf-with-dsym";
				ENABLE_STRICT_OBJC_MSGSEND = YES;
				GCC_C_LANGUAGE_STANDARD = gnu99;
				GCC_DYNAMIC_NO_PIC = NO;
				GCC_NO_COMMON_BLOCKS = YES;
				GCC_OPTIMIZATION_LEVEL = 0;
				GCC_PREPROCESSOR_DEFINITIONS = (
					"DEBUG=1",
					"$(inherited)",
				);
				GCC_SYMBOLS_PRIVATE_EXTERN = NO;
				GCC_WARN_64_TO_32_BIT_CONVERSION = YES;
				GCC_WARN_ABOUT_RETURN_TYPE = YES_ERROR;
				GCC_WARN_UNDECLARED_SELECTOR = YES;
				GCC_WARN_UNINITIALIZED_AUTOS = YES_AGGRESSIVE;
				GCC_WARN_UNUSED_FUNCTION = YES;
				GCC_WARN_UNUSED_VARIABLE = YES;
				IPHONEOS_DEPLOYMENT_TARGET = 8.3;
				MTL_ENABLE_DEBUG_INFO = YES;
				ONLY_ACTIVE_ARCH = YES;
				SDKROOT = iphoneos;
			};
			name = Debug;
		};
		8556C51E1BC6222B009520B9 /* Release */ = {
			isa = XCBuildConfiguration;
			buildSettings = {
				ALWAYS_SEARCH_USER_PATHS = NO;
				CLANG_CXX_LANGUAGE_STANDARD = "gnu++0x";
				CLANG_CXX_LIBRARY = "libc++";
				CLANG_ENABLE_MODULES = YES;
				CLANG_ENABLE_OBJC_ARC = YES;
				CLANG_WARN_BOOL_CONVERSION = YES;
				CLANG_WARN_CONSTANT_CONVERSION = YES;
				CLANG_WARN_DIRECT_OBJC_ISA_USAGE = YES_ERROR;
				CLANG_WARN_EMPTY_BODY = YES;
				CLANG_WARN_ENUM_CONVERSION = YES;
				CLANG_WARN_INT_CONVERSION = YES;
				CLANG_WARN_OBJC_ROOT_CLASS = YES_ERROR;
				CLANG_WARN_UNREACHABLE_CODE = YES;
				CLANG_WARN__DUPLICATE_METHOD_MATCH = YES;
				"CODE_SIGN_IDENTITY[sdk=iphoneos*]" = "iPhone Developer";
				COPY_PHASE_STRIP = NO;
				DEBUG_INFORMATION_FORMAT = "dwarf-with-dsym";
				ENABLE_NS_ASSERTIONS = NO;
				ENABLE_STRICT_OBJC_MSGSEND = YES;
				GCC_C_LANGUAGE_STANDARD = gnu99;
				GCC_NO_COMMON_BLOCKS = YES;
				GCC_WARN_64_TO_32_BIT_CONVERSION = YES;
				GCC_WARN_ABOUT_RETURN_TYPE = YES_ERROR;
				GCC_WARN_UNDECLARED_SELECTOR = YES;
				GCC_WARN_UNINITIALIZED_AUTOS = YES_AGGRESSIVE;
				GCC_WARN_UNUSED_FUNCTION = YES;
				GCC_WARN_UNUSED_VARIABLE = YES;
				IPHONEOS_DEPLOYMENT_TARGET = 8.3;
				MTL_ENABLE_DEBUG_INFO = NO;
				SDKROOT = iphoneos;
				VALIDATE_PRODUCT = YES;
			};
			name = Release;
		};
		8556C5201BC6222B009520B9 /* Debug */ = {
			isa = XCBuildConfiguration;
			buildSettings = {
				ASSETCATALOG_COMPILER_APPICON_NAME = AppIcon;
				INFOPLIST_FILE = "Demo02-GitServer/Info.plist";
				LD_RUNPATH_SEARCH_PATHS = "$(inherited) @executable_path/Frameworks";
				PRODUCT_NAME = "$(TARGET_NAME)";
			};
			name = Debug;
		};
		8556C5211BC6222B009520B9 /* Release */ = {
			isa = XCBuildConfiguration;
			buildSettings = {
				ASSETCATALOG_COMPILER_APPICON_NAME = AppIcon;
				INFOPLIST_FILE = "Demo02-GitServer/Info.plist";
				LD_RUNPATH_SEARCH_PATHS = "$(inherited) @executable_path/Frameworks";
				PRODUCT_NAME = "$(TARGET_NAME)";
			};
			name = Release;
		};
		8556C5231BC6222B009520B9 /* Debug */ = {
			isa = XCBuildConfiguration;
			buildSettings = {
				BUNDLE_LOADER = "$(TEST_HOST)";
				FRAMEWORK_SEARCH_PATHS = (
					"$(SDKROOT)/Developer/Library/Frameworks",
					"$(inherited)",
				);
				GCC_PREPROCESSOR_DEFINITIONS = (
					"DEBUG=1",
					"$(inherited)",
				);
				INFOPLIST_FILE = "Demo02-GitServerTests/Info.plist";
				LD_RUNPATH_SEARCH_PATHS = "$(inherited) @executable_path/Frameworks @loader_path/Frameworks";
				PRODUCT_NAME = "$(TARGET_NAME)";
				TEST_HOST = "$(BUILT_PRODUCTS_DIR)/Demo02-GitServer.app/Demo02-GitServer";
			};
			name = Debug;
		};
		8556C5241BC6222B009520B9 /* Release */ = {
			isa = XCBuildConfiguration;
			buildSettings = {
				BUNDLE_LOADER = "$(TEST_HOST)";
				FRAMEWORK_SEARCH_PATHS = (
					"$(SDKROOT)/Developer/Library/Frameworks",
					"$(inherited)",
				);
				INFOPLIST_FILE = "Demo02-GitServerTests/Info.plist";
				LD_RUNPATH_SEARCH_PATHS = "$(inherited) @executable_path/Frameworks @loader_path/Frameworks";
				PRODUCT_NAME = "$(TARGET_NAME)";
				TEST_HOST = "$(BUILT_PRODUCTS_DIR)/Demo02-GitServer.app/Demo02-GitServer";
			};
			name = Release;
		};
/* End XCBuildConfiguration section */

/* Begin XCConfigurationList section */
		8556C4F71BC6222B009520B9 /* Build configuration list for PBXProject "Demo02-GitServer" */ = {
			isa = XCConfigurationList;
			buildConfigurations = (
				8556C51D1BC6222B009520B9 /* Debug */,
				8556C51E1BC6222B009520B9 /* Release */,
			);
			defaultConfigurationIsVisible = 0;
			defaultConfigurationName = Release;
		};
		8556C51F1BC6222B009520B9 /* Build configuration list for PBXNativeTarget "Demo02-GitServer" */ = {
			isa = XCConfigurationList;
			buildConfigurations = (
				8556C5201BC6222B009520B9 /* Debug */,
				8556C5211BC6222B009520B9 /* Release */,
			);
			defaultConfigurationIsVisible = 0;
		};
		8556C5221BC6222B009520B9 /* Build configuration list for PBXNativeTarget "Demo02-GitServerTests" */ = {
			isa = XCConfigurationList;
			buildConfigurations = (
				8556C5231BC6222B009520B9 /* Debug */,
				8556C5241BC6222B009520B9 /* Release */,
			);
			defaultConfigurationIsVisible = 0;
		};
/* End XCConfigurationList section */
	};
	rootObject = 8556C4F41BC6222B009520B9 /* Project object */;
}
